
Microsoft Visual Studio Solution File, Format Version 12.00
# Visual Studio Version 16
VisualStudioVersion = 16.0.28803.156
MinimumVisualStudioVersion = 10.0.40219.1
Project("{FAE04EC0-301F-11D3-BF4B-00C04F79EFBC}") = "Lab.WCFIsDead.WCF.Server", "WCF\Server\Lab.WCFIsDead.WCF.Server.csproj", "{231C32C6-B0E1-47C2-B12A-C75162859936}"
EndProject
Project("{FAE04EC0-301F-11D3-BF4B-00C04F79EFBC}") = "Lab.WCFIsDead.WCF.Client", "WCF\Client\Lab.WCFIsDead.WCF.Client.csproj", "{BDA7BFFA-41C0-4813-9881-F785CD27FABE}"
EndProject
Project("{2150E333-8FDC-42A3-9474-1A3956D46DE8}") = "WCF", "WCF", "{B9E4B41B-F60B-48A9-8593-98BCD68DCF6F}"
EndProject
Project("{2150E333-8FDC-42A3-9474-1A3956D46DE8}") = "CoreWCF", "CoreWCF", "{65333D72-DD0E-464F-800E-DB8C95FC0556}"
EndProject
Project("{FAE04EC0-301F-11D3-BF4B-00C04F79EFBC}") = "Lab.WCFIsDead.CoreWCF.Server", "CoreWCF\Server\Lab.WCFIsDead.CoreWCF.Server\Lab.WCFIsDead.CoreWCF.Server.csproj", "{11582900-0B11-4C0D-BDFB-17F42B760B0B}"
EndProject
Project("{FAE04EC0-301F-11D3-BF4B-00C04F79EFBC}") = "Lab.WCFIsDead.CoreWCF.Client", "CoreWCF\Client\Lab.WCFIsDead.CoreWCF.Client\Lab.WCFIsDead.CoreWCF.Client.csproj", "{D12B39BF-45A4-4580-94DC-B1375D971C88}"
EndProject
Global
	GlobalSection(SolutionConfigurationPlatforms) = preSolution
		Debug|Any CPU = Debug|Any CPU
		Release|Any CPU = Release|Any CPU
	EndGlobalSection
	GlobalSection(ProjectConfigurationPlatforms) = postSolution
		{231C32C6-B0E1-47C2-B12A-C75162859936}.Debug|Any CPU.ActiveCfg = Debug|Any CPU
		{231C32C6-B0E1-47C2-B12A-C75162859936}.Debug|Any CPU.Build.0 = Debug|Any CPU
		{231C32C6-B0E1-47C2-B12A-C75162859936}.Release|Any CPU.ActiveCfg = Release|Any CPU
		{231C32C6-B0E1-47C2-B12A-C75162859936}.Release|Any CPU.Build.0 = Release|Any CPU
		{BDA7BFFA-41C0-4813-9881-F785CD27FABE}.Debug|Any CPU.ActiveCfg = Debug|Any CPU
		{BDA7BFFA-41C0-4813-9881-F785CD27FABE}.Debug|Any CPU.Build.0 = Debug|Any CPU
		{BDA7BFFA-41C0-4813-9881-F785CD27FABE}.Release|Any CPU.ActiveCfg = Release|Any CPU
		{BDA7BFFA-41C0-4813-9881-F785CD27FABE}.Release|Any CPU.Build.0 = Release|Any CPU
		{11582900-0B11-4C0D-BDFB-17F42B760B0B}.Debug|Any CPU.ActiveCfg = Debug|Any CPU
		{11582900-0B11-4C0D-BDFB-17F42B760B0B}.Debug|Any CPU.Build.0 = Debug|Any CPU
		{11582900-0B11-4C0D-BDFB-17F42B760B0B}.Release|Any CPU.ActiveCfg = Release|Any CPU
		{11582900-0B11-4C0D-BDFB-17F42B760B0B}.Release|Any CPU.Build.0 = Release|Any CPU
		{D12B39BF-45A4-4580-94DC-B1375D971C88}.Debug|Any CPU.ActiveCfg = Debug|Any CPU
		{D12B39BF-45A4-4580-94DC-B1375D971C88}.Debug|Any CPU.Build.0 = Debug|Any CPU
		{D12B39BF-45A4-4580-94DC-B1375D971C88}.Release|Any CPU.ActiveCfg = Release|Any CPU
		{D12B39BF-45A4-4580-94DC-B1375D971C88}.Release|Any CPU.Build.0 = Release|Any CPU
	EndGlobalSection
	GlobalSection(SolutionProperties) = preSolution
		HideSolutionNode = FALSE
	EndGlobalSection
	GlobalSection(NestedProjects) = preSolution
		{231C32C6-B0E1-47C2-B12A-C75162859936} = {B9E4B41B-F60B-48A9-8593-98BCD68DCF6F}
		{BDA7BFFA-41C0-4813-9881-F785CD27FABE} = {B9E4B41B-F60B-48A9-8593-98BCD68DCF6F}
		{11582900-0B11-4C0D-BDFB-17F42B760B0B} = {65333D72-DD0E-464F-800E-DB8C95FC0556}
		{D12B39BF-45A4-4580-94DC-B1375D971C88} = {65333D72-DD0E-464F-800E-DB8C95FC0556}
	EndGlobalSection
	GlobalSection(ExtensibilityGlobals) = postSolution
		SolutionGuid = {E539F9AC-C3A7-4171-8149-7106DEA2212E}
	EndGlobalSection
EndGlobal
