
Microsoft Visual Studio Solution File, Format Version 12.00
# Visual Studio Version 16
VisualStudioVersion = 16.0.28803.156
MinimumVisualStudioVersion = 10.0.40219.1
Project("{FAE04EC0-301F-11D3-BF4B-00C04F79EFBC}") = "Lab.WCFIsDead.WCF.Server", "WCF\Server\Lab.WCFIsDead.WCF.Server.csproj", "{231C32C6-B0E1-47C2-B12A-C75162859936}"
EndProject
Project("{FAE04EC0-301F-11D3-BF4B-00C04F79EFBC}") = "Lab.WCFIsDead.WCF.Client", "WCF\Client\Lab.WCFIsDead.WCF.Client.csproj", "{BDA7BFFA-41C0-4813-9881-F785CD27FABE}"
EndProject
Project("{2150E333-8FDC-42A3-9474-1A3956D46DE8}") = "WCF", "WCF", "{B9E4B41B-F60B-48A9-8593-98BCD68DCF6F}"
EndProject
Project("{2150E333-8FDC-42A3-9474-1A3956D46DE8}") = "CoreWCF", "CoreWCF", "{65333D72-DD0E-464F-800E-DB8C95FC0556}"
EndProject
Project("{9A19103F-16F7-4668-BE54-9A1E7A4F7556}") = "Lab.WCFIsDead.CoreWCF.Server", "CoreWCF\Server\Lab.WCFIsDead.CoreWCF.Server\Lab.WCFIsDead.CoreWCF.Server.csproj", "{11582900-0B11-4C0D-BDFB-17F42B760B0B}"
EndProject
Project("{9A19103F-16F7-4668-BE54-9A1E7A4F7556}") = "Lab.WCFIsDead.CoreWCF.Client", "CoreWCF\Client\Lab.WCFIsDead.CoreWCF.Client\Lab.WCFIsDead.CoreWCF.Client.csproj", "{D12B39BF-45A4-4580-94DC-B1375D971C88}"
EndProject
Project("{2150E333-8FDC-42A3-9474-1A3956D46DE8}") = "IpcServiceFramwork", "IpcServiceFramwork", "{A13466CE-F415-4412-BE46-FCA88B08A9F5}"
EndProject
Project("{9A19103F-16F7-4668-BE54-9A1E7A4F7556}") = "Lab.WCFIsDead.IpcServiceFramework.Server", "IpcServiceFramework\Server\Lab.WCFIsDead.IpcServiceFramework.Server.csproj", "{1805220E-8734-4977-A64B-6311A5E4F804}"
EndProject
Project("{9A19103F-16F7-4668-BE54-9A1E7A4F7556}") = "Lab.WCFIsDead.IpcServiceFramework.Shared", "IpcServiceFramework\Shared\Lab.WCFIsDead.IpcServiceFramework.Shared.csproj", "{536FF4D5-8B4A-4540-9446-3026ED1AD6EE}"
EndProject
Project("{9A19103F-16F7-4668-BE54-9A1E7A4F7556}") = "Lab.WCFIsDead.IpcServiceFramework.Client", "IpcServiceFramework\Client\Lab.WCFIsDead.IpcServiceFramework.Client.csproj", "{CE641955-5911-4EE0-BAB0-7F93269C172F}"
EndProject
Project("{2150E333-8FDC-42A3-9474-1A3956D46DE8}") = "SoapCore", "SoapCore", "{88D85751-8D2E-4AAA-9990-962BCD923476}"
EndProject
Project("{9A19103F-16F7-4668-BE54-9A1E7A4F7556}") = "Lab.WCFIsDead.SoapCore.Server", "SoapCore\Server\Lab.WCFIsDead.SoapCore.Server.csproj", "{0F82629E-19F6-429C-B1A0-EABB2C10C04F}"
EndProject
Project("{2150E333-8FDC-42A3-9474-1A3956D46DE8}") = "ASPNETCore", "ASPNETCore", "{AF933AEA-5278-4886-8275-C8402E03E2CA}"
EndProject
Project("{9A19103F-16F7-4668-BE54-9A1E7A4F7556}") = "Lab.WCFIsDead.ASPNETCore.Web", "ASPNETCore\Lab.WCFIsDead.ASPNETCore.Web\Lab.WCFIsDead.ASPNETCore.Web.csproj", "{60E4DCB1-F7F0-492C-8F8F-674818EDA53E}"
EndProject
Project("{2150E333-8FDC-42A3-9474-1A3956D46DE8}") = "ZeroMq", "ZeroMq", "{08F4890D-0216-4403-A4BA-DBDAA3CDF1A9}"
EndProject
Project("{2150E333-8FDC-42A3-9474-1A3956D46DE8}") = "Server", "Server", "{C8B3B975-710E-466C-92F0-D9A1582FFDC8}"
EndProject
Project("{2150E333-8FDC-42A3-9474-1A3956D46DE8}") = "Client", "Client", "{163A301A-9219-4B9F-9F50-11780F111552}"
EndProject
Project("{9A19103F-16F7-4668-BE54-9A1E7A4F7556}") = "Lab.WCFIsDead.ZeroMQ.Server", "ZeroMQ\Server\Lab.WCFIsDead.ZeroMQ.Server.csproj", "{E3294472-7444-406F-9218-FFABA31C1A7F}"
EndProject
Project("{9A19103F-16F7-4668-BE54-9A1E7A4F7556}") = "Lab.WCFIsDead.ZeroMQ.Client", "ZeroMQ\Client\Lab.WCFIsDead.ZeroMQ.Client.csproj", "{E8E06D40-EEDF-4169-BCD3-75A6C0F06092}"
EndProject
Project("{2150E333-8FDC-42A3-9474-1A3956D46DE8}") = "Shared", "Shared", "{EDF0BA74-0427-4428-8AB9-138C8E12D5D3}"
EndProject
Project("{9A19103F-16F7-4668-BE54-9A1E7A4F7556}") = "Lab.WCFIsDead.ZeroMQ.Shared", "ZeroMQ\Shared\Lab.WCFIsDead.ZeroMQ.Shared.csproj", "{182FF9B5-2A2F-42C6-898D-0716DDACE846}"
EndProject
Project("{2150E333-8FDC-42A3-9474-1A3956D46DE8}") = "AzureServiceBus", "AzureServiceBus", "{5E84C3B3-7ED4-490A-B97A-5504992236A3}"
EndProject
Project("{9A19103F-16F7-4668-BE54-9A1E7A4F7556}") = "Lab.WCFIsDead.AzureServiceBus.Client", "AzureServiceBus\Client\Lab.WCFIsDead.AzureServiceBus.Client.csproj", "{DF53F785-6CEF-45C9-A3D6-5CE8B014D8DB}"
EndProject
Project("{9A19103F-16F7-4668-BE54-9A1E7A4F7556}") = "Lab.WCFIsDead.AzureServiceBus.Server", "AzureServiceBus\Server\Lab.WCFIsDead.AzureServiceBus.Server.csproj", "{F7769C05-3794-416F-BACE-2B7640BF2381}"
EndProject
Project("{9A19103F-16F7-4668-BE54-9A1E7A4F7556}") = "Lab.WCFIsDead.AzureServiceBus.Shared", "AzureServiceBus\Shared\Lab.WCFIsDead.AzureServiceBus.Shared.csproj", "{9A705FDA-0646-47A4-AAB9-5B4DC59442E2}"
EndProject
Global
	GlobalSection(SolutionConfigurationPlatforms) = preSolution
		Debug|Any CPU = Debug|Any CPU
		Release|Any CPU = Release|Any CPU
	EndGlobalSection
	GlobalSection(ProjectConfigurationPlatforms) = postSolution
		{231C32C6-B0E1-47C2-B12A-C75162859936}.Debug|Any CPU.ActiveCfg = Debug|Any CPU
		{231C32C6-B0E1-47C2-B12A-C75162859936}.Debug|Any CPU.Build.0 = Debug|Any CPU
		{231C32C6-B0E1-47C2-B12A-C75162859936}.Release|Any CPU.ActiveCfg = Release|Any CPU
		{231C32C6-B0E1-47C2-B12A-C75162859936}.Release|Any CPU.Build.0 = Release|Any CPU
		{BDA7BFFA-41C0-4813-9881-F785CD27FABE}.Debug|Any CPU.ActiveCfg = Debug|Any CPU
		{BDA7BFFA-41C0-4813-9881-F785CD27FABE}.Debug|Any CPU.Build.0 = Debug|Any CPU
		{BDA7BFFA-41C0-4813-9881-F785CD27FABE}.Release|Any CPU.ActiveCfg = Release|Any CPU
		{BDA7BFFA-41C0-4813-9881-F785CD27FABE}.Release|Any CPU.Build.0 = Release|Any CPU
		{11582900-0B11-4C0D-BDFB-17F42B760B0B}.Debug|Any CPU.ActiveCfg = Debug|Any CPU
		{11582900-0B11-4C0D-BDFB-17F42B760B0B}.Debug|Any CPU.Build.0 = Debug|Any CPU
		{11582900-0B11-4C0D-BDFB-17F42B760B0B}.Release|Any CPU.ActiveCfg = Release|Any CPU
		{11582900-0B11-4C0D-BDFB-17F42B760B0B}.Release|Any CPU.Build.0 = Release|Any CPU
		{D12B39BF-45A4-4580-94DC-B1375D971C88}.Debug|Any CPU.ActiveCfg = Debug|Any CPU
		{D12B39BF-45A4-4580-94DC-B1375D971C88}.Debug|Any CPU.Build.0 = Debug|Any CPU
		{D12B39BF-45A4-4580-94DC-B1375D971C88}.Release|Any CPU.ActiveCfg = Release|Any CPU
		{D12B39BF-45A4-4580-94DC-B1375D971C88}.Release|Any CPU.Build.0 = Release|Any CPU
		{1805220E-8734-4977-A64B-6311A5E4F804}.Debug|Any CPU.ActiveCfg = Debug|Any CPU
		{1805220E-8734-4977-A64B-6311A5E4F804}.Debug|Any CPU.Build.0 = Debug|Any CPU
		{1805220E-8734-4977-A64B-6311A5E4F804}.Release|Any CPU.ActiveCfg = Release|Any CPU
		{1805220E-8734-4977-A64B-6311A5E4F804}.Release|Any CPU.Build.0 = Release|Any CPU
		{536FF4D5-8B4A-4540-9446-3026ED1AD6EE}.Debug|Any CPU.ActiveCfg = Debug|Any CPU
		{536FF4D5-8B4A-4540-9446-3026ED1AD6EE}.Debug|Any CPU.Build.0 = Debug|Any CPU
		{536FF4D5-8B4A-4540-9446-3026ED1AD6EE}.Release|Any CPU.ActiveCfg = Release|Any CPU
		{536FF4D5-8B4A-4540-9446-3026ED1AD6EE}.Release|Any CPU.Build.0 = Release|Any CPU
		{CE641955-5911-4EE0-BAB0-7F93269C172F}.Debug|Any CPU.ActiveCfg = Debug|Any CPU
		{CE641955-5911-4EE0-BAB0-7F93269C172F}.Debug|Any CPU.Build.0 = Debug|Any CPU
		{CE641955-5911-4EE0-BAB0-7F93269C172F}.Release|Any CPU.ActiveCfg = Release|Any CPU
		{CE641955-5911-4EE0-BAB0-7F93269C172F}.Release|Any CPU.Build.0 = Release|Any CPU
		{0F82629E-19F6-429C-B1A0-EABB2C10C04F}.Debug|Any CPU.ActiveCfg = Debug|Any CPU
		{0F82629E-19F6-429C-B1A0-EABB2C10C04F}.Debug|Any CPU.Build.0 = Debug|Any CPU
		{0F82629E-19F6-429C-B1A0-EABB2C10C04F}.Release|Any CPU.ActiveCfg = Release|Any CPU
		{0F82629E-19F6-429C-B1A0-EABB2C10C04F}.Release|Any CPU.Build.0 = Release|Any CPU
		{60E4DCB1-F7F0-492C-8F8F-674818EDA53E}.Debug|Any CPU.ActiveCfg = Debug|Any CPU
		{60E4DCB1-F7F0-492C-8F8F-674818EDA53E}.Debug|Any CPU.Build.0 = Debug|Any CPU
		{60E4DCB1-F7F0-492C-8F8F-674818EDA53E}.Release|Any CPU.ActiveCfg = Release|Any CPU
		{60E4DCB1-F7F0-492C-8F8F-674818EDA53E}.Release|Any CPU.Build.0 = Release|Any CPU
		{E3294472-7444-406F-9218-FFABA31C1A7F}.Debug|Any CPU.ActiveCfg = Debug|Any CPU
		{E3294472-7444-406F-9218-FFABA31C1A7F}.Debug|Any CPU.Build.0 = Debug|Any CPU
		{E3294472-7444-406F-9218-FFABA31C1A7F}.Release|Any CPU.ActiveCfg = Release|Any CPU
		{E3294472-7444-406F-9218-FFABA31C1A7F}.Release|Any CPU.Build.0 = Release|Any CPU
		{E8E06D40-EEDF-4169-BCD3-75A6C0F06092}.Debug|Any CPU.ActiveCfg = Debug|Any CPU
		{E8E06D40-EEDF-4169-BCD3-75A6C0F06092}.Debug|Any CPU.Build.0 = Debug|Any CPU
		{E8E06D40-EEDF-4169-BCD3-75A6C0F06092}.Release|Any CPU.ActiveCfg = Release|Any CPU
		{E8E06D40-EEDF-4169-BCD3-75A6C0F06092}.Release|Any CPU.Build.0 = Release|Any CPU
		{182FF9B5-2A2F-42C6-898D-0716DDACE846}.Debug|Any CPU.ActiveCfg = Debug|Any CPU
		{182FF9B5-2A2F-42C6-898D-0716DDACE846}.Debug|Any CPU.Build.0 = Debug|Any CPU
		{182FF9B5-2A2F-42C6-898D-0716DDACE846}.Release|Any CPU.ActiveCfg = Release|Any CPU
		{182FF9B5-2A2F-42C6-898D-0716DDACE846}.Release|Any CPU.Build.0 = Release|Any CPU
		{DF53F785-6CEF-45C9-A3D6-5CE8B014D8DB}.Debug|Any CPU.ActiveCfg = Debug|Any CPU
		{DF53F785-6CEF-45C9-A3D6-5CE8B014D8DB}.Debug|Any CPU.Build.0 = Debug|Any CPU
		{DF53F785-6CEF-45C9-A3D6-5CE8B014D8DB}.Release|Any CPU.ActiveCfg = Release|Any CPU
		{DF53F785-6CEF-45C9-A3D6-5CE8B014D8DB}.Release|Any CPU.Build.0 = Release|Any CPU
		{F7769C05-3794-416F-BACE-2B7640BF2381}.Debug|Any CPU.ActiveCfg = Debug|Any CPU
		{F7769C05-3794-416F-BACE-2B7640BF2381}.Debug|Any CPU.Build.0 = Debug|Any CPU
		{F7769C05-3794-416F-BACE-2B7640BF2381}.Release|Any CPU.ActiveCfg = Release|Any CPU
		{F7769C05-3794-416F-BACE-2B7640BF2381}.Release|Any CPU.Build.0 = Release|Any CPU
		{9A705FDA-0646-47A4-AAB9-5B4DC59442E2}.Debug|Any CPU.ActiveCfg = Debug|Any CPU
		{9A705FDA-0646-47A4-AAB9-5B4DC59442E2}.Debug|Any CPU.Build.0 = Debug|Any CPU
		{9A705FDA-0646-47A4-AAB9-5B4DC59442E2}.Release|Any CPU.ActiveCfg = Release|Any CPU
		{9A705FDA-0646-47A4-AAB9-5B4DC59442E2}.Release|Any CPU.Build.0 = Release|Any CPU
	EndGlobalSection
	GlobalSection(SolutionProperties) = preSolution
		HideSolutionNode = FALSE
	EndGlobalSection
	GlobalSection(NestedProjects) = preSolution
		{231C32C6-B0E1-47C2-B12A-C75162859936} = {B9E4B41B-F60B-48A9-8593-98BCD68DCF6F}
		{BDA7BFFA-41C0-4813-9881-F785CD27FABE} = {B9E4B41B-F60B-48A9-8593-98BCD68DCF6F}
		{11582900-0B11-4C0D-BDFB-17F42B760B0B} = {65333D72-DD0E-464F-800E-DB8C95FC0556}
		{D12B39BF-45A4-4580-94DC-B1375D971C88} = {65333D72-DD0E-464F-800E-DB8C95FC0556}
		{1805220E-8734-4977-A64B-6311A5E4F804} = {A13466CE-F415-4412-BE46-FCA88B08A9F5}
		{536FF4D5-8B4A-4540-9446-3026ED1AD6EE} = {A13466CE-F415-4412-BE46-FCA88B08A9F5}
		{CE641955-5911-4EE0-BAB0-7F93269C172F} = {A13466CE-F415-4412-BE46-FCA88B08A9F5}
		{0F82629E-19F6-429C-B1A0-EABB2C10C04F} = {88D85751-8D2E-4AAA-9990-962BCD923476}
		{60E4DCB1-F7F0-492C-8F8F-674818EDA53E} = {AF933AEA-5278-4886-8275-C8402E03E2CA}
		{C8B3B975-710E-466C-92F0-D9A1582FFDC8} = {08F4890D-0216-4403-A4BA-DBDAA3CDF1A9}
		{163A301A-9219-4B9F-9F50-11780F111552} = {08F4890D-0216-4403-A4BA-DBDAA3CDF1A9}
		{E3294472-7444-406F-9218-FFABA31C1A7F} = {C8B3B975-710E-466C-92F0-D9A1582FFDC8}
		{E8E06D40-EEDF-4169-BCD3-75A6C0F06092} = {163A301A-9219-4B9F-9F50-11780F111552}
		{EDF0BA74-0427-4428-8AB9-138C8E12D5D3} = {08F4890D-0216-4403-A4BA-DBDAA3CDF1A9}
		{182FF9B5-2A2F-42C6-898D-0716DDACE846} = {EDF0BA74-0427-4428-8AB9-138C8E12D5D3}
		{DF53F785-6CEF-45C9-A3D6-5CE8B014D8DB} = {5E84C3B3-7ED4-490A-B97A-5504992236A3}
		{F7769C05-3794-416F-BACE-2B7640BF2381} = {5E84C3B3-7ED4-490A-B97A-5504992236A3}
		{9A705FDA-0646-47A4-AAB9-5B4DC59442E2} = {5E84C3B3-7ED4-490A-B97A-5504992236A3}
	EndGlobalSection
	GlobalSection(ExtensibilityGlobals) = postSolution
		SolutionGuid = {E539F9AC-C3A7-4171-8149-7106DEA2212E}
	EndGlobalSection
EndGlobal
